
Microsoft Visual Studio Solution File, Format Version 12.00
# Visual Studio 2013
VisualStudioVersion = 12.0.31101.0
MinimumVisualStudioVersion = 10.0.40219.1
Project("{FAE04EC0-301F-11D3-BF4B-00C04F79EFBC}") = "Framework", "Framework\Framework.csproj", "{13F28E19-A026-457C-BE49-D140CB1F33D3}"
EndProject
Project("{FAE04EC0-301F-11D3-BF4B-00C04F79EFBC}") = "Sample1", "Sample1\Sample1.csproj", "{8CB73454-8447-49F3-A914-396CF80FC296}"
EndProject
Project("{FAE04EC0-301F-11D3-BF4B-00C04F79EFBC}") = "Payload", "Payload\Payload.csproj", "{5411B38E-68A1-4917-81E4-46024B30E9EC}"
EndProject
Project("{FAE04EC0-301F-11D3-BF4B-00C04F79EFBC}") = "Sonos", "Sonos\Sonos.csproj", "{C97DA73F-CEE7-47C3-8B03-AC5DCBCBDEE4}"
EndProject
Project("{FAE04EC0-301F-11D3-BF4B-00C04F79EFBC}") = "LircSvc", "LircSvc\LircSvc\LircSvc.csproj", "{7D39C43F-C2D7-441A-8D83-EDA44EE61571}"
EndProject
Project("{FAE04EC0-301F-11D3-BF4B-00C04F79EFBC}") = "LircSharp", "LircSvc\LircSharp\LircSharp.csproj", "{C686F27D-BBDB-4EDE-BA2D-6EA483E592FF}"
EndProject
Project("{2150E333-8FDC-42A3-9474-1A3956D46DE8}") = "Libraries", "Libraries", "{4134BE18-CF08-4E48-ABDB-1D886927F7B1}"
EndProject
Project("{FAE04EC0-301F-11D3-BF4B-00C04F79EFBC}") = "CorePlugins", "CorePlugins\CorePlugins.csproj", "{4732AC66-FCC9-40BE-89EB-01F5BD9E9058}"
EndProject
Project("{2150E333-8FDC-42A3-9474-1A3956D46DE8}") = "Plugins", "Plugins", "{8F6FEE38-E697-49E0-8FB1-9226AEC60C4D}"
EndProject
Global
	GlobalSection(SolutionConfigurationPlatforms) = preSolution
		Debug|Any CPU = Debug|Any CPU
		Release|Any CPU = Release|Any CPU
	EndGlobalSection
	GlobalSection(ProjectConfigurationPlatforms) = postSolution
		{13F28E19-A026-457C-BE49-D140CB1F33D3}.Debug|Any CPU.ActiveCfg = Debug|Any CPU
		{13F28E19-A026-457C-BE49-D140CB1F33D3}.Debug|Any CPU.Build.0 = Debug|Any CPU
		{13F28E19-A026-457C-BE49-D140CB1F33D3}.Release|Any CPU.ActiveCfg = Release|Any CPU
		{13F28E19-A026-457C-BE49-D140CB1F33D3}.Release|Any CPU.Build.0 = Release|Any CPU
		{8CB73454-8447-49F3-A914-396CF80FC296}.Debug|Any CPU.ActiveCfg = Debug|Any CPU
		{8CB73454-8447-49F3-A914-396CF80FC296}.Debug|Any CPU.Build.0 = Debug|Any CPU
		{8CB73454-8447-49F3-A914-396CF80FC296}.Release|Any CPU.ActiveCfg = Release|Any CPU
		{8CB73454-8447-49F3-A914-396CF80FC296}.Release|Any CPU.Build.0 = Release|Any CPU
		{5411B38E-68A1-4917-81E4-46024B30E9EC}.Debug|Any CPU.ActiveCfg = Debug|Any CPU
		{5411B38E-68A1-4917-81E4-46024B30E9EC}.Debug|Any CPU.Build.0 = Debug|Any CPU
		{5411B38E-68A1-4917-81E4-46024B30E9EC}.Release|Any CPU.ActiveCfg = Release|Any CPU
		{5411B38E-68A1-4917-81E4-46024B30E9EC}.Release|Any CPU.Build.0 = Release|Any CPU
		{C97DA73F-CEE7-47C3-8B03-AC5DCBCBDEE4}.Debug|Any CPU.ActiveCfg = Debug|Any CPU
		{C97DA73F-CEE7-47C3-8B03-AC5DCBCBDEE4}.Debug|Any CPU.Build.0 = Debug|Any CPU
		{C97DA73F-CEE7-47C3-8B03-AC5DCBCBDEE4}.Release|Any CPU.ActiveCfg = Release|Any CPU
		{C97DA73F-CEE7-47C3-8B03-AC5DCBCBDEE4}.Release|Any CPU.Build.0 = Release|Any CPU
		{7D39C43F-C2D7-441A-8D83-EDA44EE61571}.Debug|Any CPU.ActiveCfg = Debug|Any CPU
		{7D39C43F-C2D7-441A-8D83-EDA44EE61571}.Debug|Any CPU.Build.0 = Debug|Any CPU
		{7D39C43F-C2D7-441A-8D83-EDA44EE61571}.Release|Any CPU.ActiveCfg = Release|Any CPU
		{7D39C43F-C2D7-441A-8D83-EDA44EE61571}.Release|Any CPU.Build.0 = Release|Any CPU
		{C686F27D-BBDB-4EDE-BA2D-6EA483E592FF}.Debug|Any CPU.ActiveCfg = Debug|Any CPU
		{C686F27D-BBDB-4EDE-BA2D-6EA483E592FF}.Debug|Any CPU.Build.0 = Debug|Any CPU
		{C686F27D-BBDB-4EDE-BA2D-6EA483E592FF}.Release|Any CPU.ActiveCfg = Release|Any CPU
		{C686F27D-BBDB-4EDE-BA2D-6EA483E592FF}.Release|Any CPU.Build.0 = Release|Any CPU
		{4732AC66-FCC9-40BE-89EB-01F5BD9E9058}.Debug|Any CPU.ActiveCfg = Debug|Any CPU
		{4732AC66-FCC9-40BE-89EB-01F5BD9E9058}.Debug|Any CPU.Build.0 = Debug|Any CPU
		{4732AC66-FCC9-40BE-89EB-01F5BD9E9058}.Release|Any CPU.ActiveCfg = Release|Any CPU
		{4732AC66-FCC9-40BE-89EB-01F5BD9E9058}.Release|Any CPU.Build.0 = Release|Any CPU
	EndGlobalSection
	GlobalSection(SolutionProperties) = preSolution
		HideSolutionNode = FALSE
	EndGlobalSection
	GlobalSection(NestedProjects) = preSolution
		{C97DA73F-CEE7-47C3-8B03-AC5DCBCBDEE4} = {8F6FEE38-E697-49E0-8FB1-9226AEC60C4D}
		{C686F27D-BBDB-4EDE-BA2D-6EA483E592FF} = {4134BE18-CF08-4E48-ABDB-1D886927F7B1}
		{4732AC66-FCC9-40BE-89EB-01F5BD9E9058} = {8F6FEE38-E697-49E0-8FB1-9226AEC60C4D}
	EndGlobalSection
EndGlobal
